{
  "requires": true,
  "lockfileVersion": 1,
  "dependencies": {
    "cos-js-sdk-v5": {
      "version": "0.5.27",
      "resolved": "https://r.cnpmjs.org/cos-js-sdk-v5/download/cos-js-sdk-v5-0.5.27.tgz",
      "integrity": "sha1-InWbwys/DGPK8zKEABQPl/UP5rM=",
      "requires": {
        "xmldom": "^0.1.27"
      }
    },
    "tim-js-sdk": {
      "version": "2.7.7",
      "resolved": "https://r.cnpmjs.org/tim-js-sdk/download/tim-js-sdk-2.7.7.tgz",
      "integrity": "sha1-Qm/fbByPBI1a8/LTelzATaoOD38="
    },
    "xmldom": {
      "version": "0.1.31",
      "resolved": "https://r.cnpmjs.org/xmldom/download/xmldom-0.1.31.tgz",
      "integrity": "sha1-t2yaG9nwqXN+WnLcNyMc84N14v8="
    }
  }
}
